
Microsoft Visual Studio Solution File, Format Version 12.00
# Visual Studio 15
VisualStudioVersion = 15.0.27703.2042
MinimumVisualStudioVersion = 10.0.40219.1
Project("{FAE04EC0-301F-11D3-BF4B-00C04F79EFBC}") = "Arbuz.kz", "Arbuz.kz\Arbuz.kz.csproj", "{FBC93F1D-839B-4E50-B3E9-91CA76B71479}"
EndProject
Project("{FAE04EC0-301F-11D3-BF4B-00C04F79EFBC}") = "Classes", "Classes\Classes.csproj", "{F2878154-75A5-47A8-8C87-4AB0F889C4B3}"
EndProject
Global
	GlobalSection(SolutionConfigurationPlatforms) = preSolution
		Debug|Any CPU = Debug|Any CPU
		Release|Any CPU = Release|Any CPU
	EndGlobalSection
	GlobalSection(ProjectConfigurationPlatforms) = postSolution
		{FBC93F1D-839B-4E50-B3E9-91CA76B71479}.Debug|Any CPU.ActiveCfg = Debug|Any CPU
		{FBC93F1D-839B-4E50-B3E9-91CA76B71479}.Debug|Any CPU.Build.0 = Debug|Any CPU
		{FBC93F1D-839B-4E50-B3E9-91CA76B71479}.Release|Any CPU.ActiveCfg = Release|Any CPU
		{FBC93F1D-839B-4E50-B3E9-91CA76B71479}.Release|Any CPU.Build.0 = Release|Any CPU
		{F2878154-75A5-47A8-8C87-4AB0F889C4B3}.Debug|Any CPU.ActiveCfg = Debug|Any CPU
		{F2878154-75A5-47A8-8C87-4AB0F889C4B3}.Debug|Any CPU.Build.0 = Debug|Any CPU
		{F2878154-75A5-47A8-8C87-4AB0F889C4B3}.Release|Any CPU.ActiveCfg = Release|Any CPU
		{F2878154-75A5-47A8-8C87-4AB0F889C4B3}.Release|Any CPU.Build.0 = Release|Any CPU
	EndGlobalSection
	GlobalSection(SolutionProperties) = preSolution
		HideSolutionNode = FALSE
	EndGlobalSection
	GlobalSection(ExtensibilityGlobals) = postSolution
		SolutionGuid = {6CAB9FE4-B919-436C-9C09-9E5C8B4C37CA}
	EndGlobalSection
EndGlobal
